# THIS IS AN AUTOGENERATED FILE. DO NOT EDIT THIS FILE DIRECTLY.
# yarn lockfile v1


cluster@^0.7.7:
  version "0.7.7"
  resolved "https://registry.yarnpkg.com/cluster/-/cluster-0.7.7.tgz#e497e267cc956bd0b0513adb4aa393357d0085ef"
  integrity sha1-5JfiZ8yVa9CwUTrbSqOTNX0Ahe8=
  dependencies:
    log ">= 1.2.0"
    mkdirp ">= 0.0.1"

d@1, d@^1.0.0, d@^1.0.1:
  version "1.0.1"
  resolved "https://registry.yarnpkg.com/d/-/d-1.0.1.tgz#8698095372d58dbee346ffd0c7093f99f8f9eb5a"
  integrity sha512-m62ShEObQ39CfralilEQRjH6oAMtNCV1xJyEx5LpRYUVN+EviphDgUc/F3hnYbADmkiNs67Y+3ylmlG7Lnu+FA==
  dependencies:
    es5-ext "^0.10.50"
    type "^1.0.1"

debug@^2.2.0:
  version "2.6.9"
  resolved "https://registry.yarnpkg.com/debug/-/debug-2.6.9.tgz#5d128515df134ff327e90a4c93f4e077a536341f"
  integrity sha512-bC7ElrdJaJnPbAP+1EotYvqZsb3ecl5wi6Bfi6BJTUcNowp6cvspg0jXznRTKDjm/E7AdgFBVeAPVMNcKGsHMA==
  dependencies:
    ms "2.0.0"

duration@^0.2.2:
  version "0.2.2"
  resolved "https://registry.yarnpkg.com/duration/-/duration-0.2.2.tgz#ddf149bc3bc6901150fe9017111d016b3357f529"
  integrity sha512-06kgtea+bGreF5eKYgI/36A6pLXggY7oR4p1pq4SmdFBn1ReOL5D8RhG64VrqfTTKNucqqtBAwEj8aB88mcqrg==
  dependencies:
    d "1"
    es5-ext "~0.10.46"

es5-ext@^0.10.35, es5-ext@^0.10.46, es5-ext@^0.10.49, es5-ext@^0.10.50, es5-ext@^0.10.51, es5-ext@~0.10.14, es5-ext@~0.10.46:
  version "0.10.51"
  resolved "https://registry.yarnpkg.com/es5-ext/-/es5-ext-0.10.51.tgz#ed2d7d9d48a12df86e0299287e93a09ff478842f"
  integrity sha512-oRpWzM2WcLHVKpnrcyB7OW8j/s67Ba04JCm0WnNv3RiABSvs7mrQlutB8DBv793gKcp0XENR8Il8WxGTlZ73gQ==
  dependencies:
    es6-iterator "~2.0.3"
    es6-symbol "~3.1.1"
    next-tick "^1.0.0"

es6-iterator@~2.0.3:
  version "2.0.3"
  resolved "https://registry.yarnpkg.com/es6-iterator/-/es6-iterator-2.0.3.tgz#a7de889141a05a94b0854403b2d0a0fbfa98f3b7"
  integrity sha1-p96IkUGgWpSwhUQDstCg+/qY87c=
  dependencies:
    d "1"
    es5-ext "^0.10.35"
    es6-symbol "^3.1.1"

es6-symbol@^3.1.1, es6-symbol@~3.1.1:
  version "3.1.2"
  resolved "https://registry.yarnpkg.com/es6-symbol/-/es6-symbol-3.1.2.tgz#859fdd34f32e905ff06d752e7171ddd4444a7ed1"
  integrity sha512-/ZypxQsArlv+KHpGvng52/Iz8by3EQPxhmbuz8yFG89N/caTFBSbcXONDw0aMjy827gQg26XAjP4uXFvnfINmQ==
  dependencies:
    d "^1.0.1"
    es5-ext "^0.10.51"

event-emitter@^0.3.5:
  version "0.3.5"
  resolved "https://registry.yarnpkg.com/event-emitter/-/event-emitter-0.3.5.tgz#df8c69eef1647923c7157b9ce83840610b02cc39"
  integrity sha1-34xp7vFkeSPHFXuc6DhAYQsCzDk=
  dependencies:
    d "1"
    es5-ext "~0.10.14"

ip@^1.0.0:
  version "1.1.5"
  resolved "https://registry.yarnpkg.com/ip/-/ip-1.1.5.tgz#bdded70114290828c0a039e72ef25f5aaec4354a"
  integrity sha1-vd7XARQpCCjAoDnnLvJfWq7ENUo=

"log@>= 1.2.0":
  version "6.0.0"
  resolved "https://registry.yarnpkg.com/log/-/log-6.0.0.tgz#1e8e655f0389148e729d9ddd6d3bcbe8b93b8d21"
  integrity sha512-sxChESNYJ/EcQv8C7xpmxhtTOngoXuMEqGDAkhXBEmt3MAzM3SM/TmIBOqnMEVdrOv1+VgZoYbo6U2GemQiU4g==
  dependencies:
    d "^1.0.0"
    duration "^0.2.2"
    es5-ext "^0.10.49"
    event-emitter "^0.3.5"
    sprintf-kit "^2.0.0"
    type "^1.0.1"

minimist@0.0.8:
  version "0.0.8"
  resolved "https://registry.yarnpkg.com/minimist/-/minimist-0.0.8.tgz#857fcabfc3397d2625b8228262e86aa7a011b05d"
  integrity sha1-hX/Kv8M5fSYluCKCYuhqp6ARsF0=

"mkdirp@>= 0.0.1":
  version "0.5.1"
  resolved "https://registry.yarnpkg.com/mkdirp/-/mkdirp-0.5.1.tgz#30057438eac6cf7f8c4767f38648d6697d75c903"
  integrity sha1-MAV0OOrGz3+MR2fzhkjWaX11yQM=
  dependencies:
    minimist "0.0.8"

ms@2.0.0:
  version "2.0.0"
  resolved "https://registry.yarnpkg.com/ms/-/ms-2.0.0.tgz#5608aeadfc00be6c2901df5f9861788de0d597c8"
  integrity sha1-VgiurfwAvmwpAd9fmGF4jeDVl8g=

next-tick@^1.0.0:
  version "1.0.0"
  resolved "https://registry.yarnpkg.com/next-tick/-/next-tick-1.0.0.tgz#ca86d1fe8828169b0120208e3dc8424b9db8342c"
  integrity sha1-yobR/ogoFpsBICCOPchCS524NCw=

sprintf-kit@^2.0.0:
  version "2.0.0"
  resolved "https://registry.yarnpkg.com/sprintf-kit/-/sprintf-kit-2.0.0.tgz#47499d636e9cc68f2f921d30eb4f0b911a2d7835"
  integrity sha512-/0d2YTn8ZFVpIPAU230S9ZLF8WDkSSRWvh/UOLM7zzvkCchum1TtouRgyV8OfgOaYilSGU4lSSqzwBXJVlAwUw==
  dependencies:
    es5-ext "^0.10.46"

sticky-session@^1.1.2:
  version "1.1.2"
  resolved "https://registry.yarnpkg.com/sticky-session/-/sticky-session-1.1.2.tgz#716ce738452bbe9eedec506311895a3d64803de1"
  integrity sha1-cWznOEUrvp7t7FBjEYlaPWSAPeE=
  dependencies:
    debug "^2.2.0"
    ip "^1.0.0"

type@^1.0.1:
  version "1.2.0"
  resolved "https://registry.yarnpkg.com/type/-/type-1.2.0.tgz#848dd7698dafa3e54a6c479e759c4bc3f18847a0"
  integrity sha512-+5nt5AAniqsCnu2cEQQdpzCAh33kVx8n0VoFidKpB1dVVLAN/F+bgVOqOJqOnEnrhp222clB5p3vUlD+1QAnfg==
